
Microsoft Visual Studio Solution File, Format Version 12.00
# Visual Studio Version 16
VisualStudioVersion = 16.0.31105.61
MinimumVisualStudioVersion = 10.0.40219.1
Project("{2150E333-8FDC-42A3-9474-1A3956D46DE8}") = "src", "src", "{40FEE5A8-883C-49BB-907D-197531096D53}"
EndProject
Project("{2150E333-8FDC-42A3-9474-1A3956D46DE8}") = "test", "test", "{233215C3-5436-44C8-9629-52C78715BBF5}"
EndProject
Project("{FAE04EC0-301F-11D3-BF4B-00C04F79EFBC}") = "NuulEngine.UnitTests", "test\NuulEngine.UnitTests\NuulEngine.UnitTests.csproj", "{B87696C2-5F9C-4459-82AF-6DA412205416}"
EndProject
Project("{FAE04EC0-301F-11D3-BF4B-00C04F79EFBC}") = "NuulEngine", "src\NuulEngine\NuulEngine.csproj", "{4EAB4380-DE1A-4BC5-B64B-5BBAB900C10A}"
EndProject
Global
	GlobalSection(SolutionConfigurationPlatforms) = preSolution
		Debug|Any CPU = Debug|Any CPU
		Release|Any CPU = Release|Any CPU
	EndGlobalSection
	GlobalSection(ProjectConfigurationPlatforms) = postSolution
		{B87696C2-5F9C-4459-82AF-6DA412205416}.Debug|Any CPU.ActiveCfg = Debug|Any CPU
		{B87696C2-5F9C-4459-82AF-6DA412205416}.Debug|Any CPU.Build.0 = Debug|Any CPU
		{B87696C2-5F9C-4459-82AF-6DA412205416}.Release|Any CPU.ActiveCfg = Release|Any CPU
		{B87696C2-5F9C-4459-82AF-6DA412205416}.Release|Any CPU.Build.0 = Release|Any CPU
		{4EAB4380-DE1A-4BC5-B64B-5BBAB900C10A}.Debug|Any CPU.ActiveCfg = Debug|Any CPU
		{4EAB4380-DE1A-4BC5-B64B-5BBAB900C10A}.Debug|Any CPU.Build.0 = Debug|Any CPU
		{4EAB4380-DE1A-4BC5-B64B-5BBAB900C10A}.Release|Any CPU.ActiveCfg = Release|Any CPU
		{4EAB4380-DE1A-4BC5-B64B-5BBAB900C10A}.Release|Any CPU.Build.0 = Release|Any CPU
	EndGlobalSection
	GlobalSection(SolutionProperties) = preSolution
		HideSolutionNode = FALSE
	EndGlobalSection
	GlobalSection(NestedProjects) = preSolution
		{B87696C2-5F9C-4459-82AF-6DA412205416} = {233215C3-5436-44C8-9629-52C78715BBF5}
		{4EAB4380-DE1A-4BC5-B64B-5BBAB900C10A} = {40FEE5A8-883C-49BB-907D-197531096D53}
	EndGlobalSection
	GlobalSection(ExtensibilityGlobals) = postSolution
		SolutionGuid = {1FC5EDE9-F9FC-4F1B-96C2-733C09E41B10}
	EndGlobalSection
EndGlobal
