
Microsoft Visual Studio Solution File, Format Version 12.00
# Visual Studio Version 16
VisualStudioVersion = 16.0.31105.61
MinimumVisualStudioVersion = 10.0.40219.1
Project("{2150E333-8FDC-42A3-9474-1A3956D46DE8}") = "src", "src", "{40FEE5A8-883C-49BB-907D-197531096D53}"
EndProject
Project("{FAE04EC0-301F-11D3-BF4B-00C04F79EFBC}") = "NuulEngine.Graphics", "src\NuulEngine.Graphics\NuulEngine.Graphics.csproj", "{E0ED12FF-2356-4708-A5ED-24EB6334264C}"
EndProject
Project("{FAE04EC0-301F-11D3-BF4B-00C04F79EFBC}") = "NuulEngine.Core", "src\NuulEngine.Core\NuulEngine.Core.csproj", "{D4A65A00-1CC0-45A7-86AA-E0E1C4201C3B}"
EndProject
Global
	GlobalSection(SolutionConfigurationPlatforms) = preSolution
		Debug|Any CPU = Debug|Any CPU
		Release|Any CPU = Release|Any CPU
	EndGlobalSection
	GlobalSection(ProjectConfigurationPlatforms) = postSolution
		{E0ED12FF-2356-4708-A5ED-24EB6334264C}.Debug|Any CPU.ActiveCfg = Debug|Any CPU
		{E0ED12FF-2356-4708-A5ED-24EB6334264C}.Debug|Any CPU.Build.0 = Debug|Any CPU
		{E0ED12FF-2356-4708-A5ED-24EB6334264C}.Release|Any CPU.ActiveCfg = Release|Any CPU
		{E0ED12FF-2356-4708-A5ED-24EB6334264C}.Release|Any CPU.Build.0 = Release|Any CPU
		{D4A65A00-1CC0-45A7-86AA-E0E1C4201C3B}.Debug|Any CPU.ActiveCfg = Debug|Any CPU
		{D4A65A00-1CC0-45A7-86AA-E0E1C4201C3B}.Debug|Any CPU.Build.0 = Debug|Any CPU
		{D4A65A00-1CC0-45A7-86AA-E0E1C4201C3B}.Release|Any CPU.ActiveCfg = Release|Any CPU
		{D4A65A00-1CC0-45A7-86AA-E0E1C4201C3B}.Release|Any CPU.Build.0 = Release|Any CPU
	EndGlobalSection
	GlobalSection(SolutionProperties) = preSolution
		HideSolutionNode = FALSE
	EndGlobalSection
	GlobalSection(NestedProjects) = preSolution
		{E0ED12FF-2356-4708-A5ED-24EB6334264C} = {40FEE5A8-883C-49BB-907D-197531096D53}
		{D4A65A00-1CC0-45A7-86AA-E0E1C4201C3B} = {40FEE5A8-883C-49BB-907D-197531096D53}
	EndGlobalSection
	GlobalSection(ExtensibilityGlobals) = postSolution
		SolutionGuid = {1FC5EDE9-F9FC-4F1B-96C2-733C09E41B10}
	EndGlobalSection
EndGlobal
